<?xml version="1.0" encoding="utf-8"?>
<Project ToolsVersion="4.0" xmlns="http://schemas.microsoft.com/developer/msbuild/2003">
  <ItemGroup>
    <Filter Include="Source Files">
      <UniqueIdentifier>{4FC737F1-C7A5-4376-A066-2A32D752A2FF}</UniqueIdentifier>
      <Extensions>cpp;c;cc;cxx;def;odl;idl;hpj;bat;asm;asmx</Extensions>
    </Filter>
    <Filter Include="Header Files">
      <UniqueIdentifier>{93995380-89BD-4b04-88EB-625FBE52EBFB}</UniqueIdentifier>
      <Extensions>h;hh;hpp;hxx;hm;inl;inc;xsd</Extensions>
    </Filter>
    <Filter Include="Resource Files">
      <UniqueIdentifier>{67DA6AB6-F800-4c08-8B7A-83BB121AAD01}</UniqueIdentifier>
      <Extensions>qrc;rc;ico;cur;bmp;dlg;rc2;rct;bin;rgs;gif;jpg;jpeg;jpe;resx;tiff;tif;png;wav;mfcribbon-ms</Extensions>
    </Filter>
    <Filter Include="Form Files">
      <UniqueIdentifier>{99349809-55BA-4b9d-BF79-8FDBB0286EB3}</UniqueIdentifier>
      <Extensions>ui</Extensions>
    </Filter>
    <Filter Include="Translation Files">
      <UniqueIdentifier>{639EADAA-A684-42e4-A9AD-28FC9BCB8F7C}</UniqueIdentifier>
      <Extensions>ts</Extensions>
    </Filter>
  </ItemGroup>
  <ItemGroup>
    <Image Include="resource\a.png">
      <Filter>Resource Files</Filter>
    </Image>
    <Image Include="resource\ab.png">
      <Filter>Resource Files</Filter>
    </Image>
    <Image Include="resource\arrowcircle.png">
      <Filter>Resource Files</Filter>
    </Image>
    <Image Include="resource\arrowdown.png">
      <Filter>Resource Files</Filter>
    </Image>
    <Image Include="resource\arrowup.png">
      <Filter>Resource Files</Filter>
    </Image>
    <Image Include="resource\b.png">
      <Filter>Resource Files</Filter>
    </Image>
    <Image Include="resource\cleanfile16x16.png">
      <Filter>Resource Files</Filter>
    </Image>
    <Image Include="resource\closedfolder16x16.png">
      <Filter>Resource Files</Filter>
    </Image>
    <Image Include="resource\connect.png">
      <Filter>Resource Files</Filter>
    </Image>
    <Image Include="resource\cross.png">
      <Filter>Resource Files</Filter>
    </Image>
    <Image Include="resource\desktop16x16.png">
      <Filter>Resource Files</Filter>
    </Image>
    <Image Include="resource\disconnect.png">
      <Filter>Resource Files</Filter>
    </Image>
    <Image Include="resource\doublearrowup.png">
      <Filter>Resource Files</Filter>
    </Image>
    <Image Include="resource\euc.png">
      <Filter>Resource Files</Filter>
    </Image>
    <Image Include="resource\folderopen.png">
      <Filter>Resource Files</Filter>
    </Image>
    <Image Include="resource\folderup.png">
      <Filter>Resource Files</Filter>
    </Image>
    <Image Include="resource\folderwithlight.png">
      <Filter>Resource Files</Filter>
    </Image>
    <Image Include="resource\jis.png">
      <Filter>Resource Files</Filter>
    </Image>
    <Image Include="resource\kana.png">
      <Filter>Resource Files</Filter>
    </Image>
    <Image Include="resource\mosaic1.png">
      <Filter>Resource Files</Filter>
    </Image>
    <Image Include="resource\mosaic2.png">
      <Filter>Resource Files</Filter>
    </Image>
    <Image Include="resource\mu.png">
      <Filter>Resource Files</Filter>
    </Image>
    <Image Include="resource\quickconnect.png">
      <Filter>Resource Files</Filter>
    </Image>
    <Image Include="resource\roadclosedsign.png">
      <Filter>Resource Files</Filter>
    </Image>
    <Image Include="resource\sjis.png">
      <Filter>Resource Files</Filter>
    </Image>
    <Image Include="resource\tag.png">
      <Filter>Resource Files</Filter>
    </Image>
    <Image Include="resource\tagandtag.png">
      <Filter>Resource Files</Filter>
    </Image>
    <Image Include="resource\u8b.png">
      <Filter>Resource Files</Filter>
    </Image>
    <Image Include="resource\utf8.png">
      <Filter>Resource Files</Filter>
    </Image>
  </ItemGroup>
  <ItemGroup>
    <QtRcc Include="resource\ffftpgui.qrc">
      <Filter>Resource Files</Filter>
    </QtRcc>
  </ItemGroup>
  <ItemGroup>
    <QtTranslation Include="translations\ffftpgui_en.ts">
      <Filter>Translation Files</Filter>
    </QtTranslation>
  </ItemGroup>
  <ItemGroup>
    <QtUic Include="ui\dirsandtaskmsgform.ui">
      <Filter>Form Files</Filter>
    </QtUic>
    <QtUic Include="ui\hostsettingbasicform.ui">
      <Filter>Form Files</Filter>
    </QtUic>
    <QtUic Include="ui\hostsettingsdialog.ui">
      <Filter>Form Files</Filter>
    </QtUic>
    <QtUic Include="ui\hostslistdialog.ui">
      <Filter>Form Files</Filter>
    </QtUic>
    <QtUic Include="ui\mainwindow.ui">
      <Filter>Form Files</Filter>
    </QtUic>
    <QtUic Include="ui\hostsettingexpansionform.ui">
      <Filter>Form Files</Filter>
    </QtUic>
    <QtUic Include="ui\hostsettingcharcodeform.ui">
      <Filter>Form Files</Filter>
    </QtUic>
    <QtUic Include="ui\hostsettingdialupform.ui">
      <Filter>Form Files</Filter>
    </QtUic>
    <QtUic Include="ui\hostsettingadvancedform.ui">
      <Filter>Form Files</Filter>
    </QtUic>
    <QtUic Include="ui\hostsettingencryptform.ui">
      <Filter>Form Files</Filter>
    </QtUic>
    <QtUic Include="ui\hostsettingspecialform.ui">
      <Filter>Form Files</Filter>
    </QtUic>
  </ItemGroup>
  <ItemGroup>
    <ClCompile Include="src\main.cpp">
      <Filter>Source Files</Filter>
    </ClCompile>
    <ClCompile Include="src\stdafx.cpp">
      <Filter>Source Files</Filter>
    </ClCompile>
    <ClCompile Include="src\core\ffftpthread.cpp">
      <Filter>Source Files</Filter>
    </ClCompile>
    <ClCompile Include="src\ui\host\hostsettingbasicform.cpp">
      <Filter>Source Files</Filter>
    </ClCompile>
    <ClCompile Include="src\ui\host\hostsettingsdialog.cpp">
      <Filter>Source Files</Filter>
    </ClCompile>
    <ClCompile Include="src\ui\host\hostslistdialog.cpp">
      <Filter>Source Files</Filter>
    </ClCompile>
    <ClCompile Include="src\ui\main\dirsandtaskmsgform.cpp">
      <Filter>Source Files</Filter>
    </ClCompile>
    <ClCompile Include="src\ui\main\mainwindow.cpp">
      <Filter>Source Files</Filter>
    </ClCompile>
    <ClCompile Include="src\ui\main\myfilesystemmodel.cpp">
      <Filter>Source Files</Filter>
    </ClCompile>
    <ClCompile Include="src\ui\main\myfilesystemmodellocal.cpp">
      <Filter>Source Files</Filter>
    </ClCompile>
    <ClCompile Include="src\ui\host\hostsettingexpansionform.cpp">
      <Filter>Source Files</Filter>
    </ClCompile>
    <ClCompile Include="src\ui\host\hostsettingcharcodeform.cpp">
      <Filter>Source Files</Filter>
    </ClCompile>
    <ClCompile Include="src\ui\host\hostsettingdialupform.cpp">
      <Filter>Source Files</Filter>
    </ClCompile>
    <ClCompile Include="src\ui\host\hostsettingadvancedform.cpp">
      <Filter>Source Files</Filter>
    </ClCompile>
    <ClCompile Include="src\ui\host\hostsettingencryptform.cpp">
      <Filter>Source Files</Filter>
    </ClCompile>
    <ClCompile Include="src\ui\host\hostsettingspecialform.cpp">
      <Filter>Source Files</Filter>
    </ClCompile>
  </ItemGroup>
  <ItemGroup>
    <ClInclude Include="src\stdafx.h">
      <Filter>Header Files</Filter>
    </ClInclude>
  </ItemGroup>
  <ItemGroup>
    <QtMoc Include="src\core\ffftpthread.hpp">
      <Filter>Header Files</Filter>
    </QtMoc>
    <QtMoc Include="src\ui\host\hostsettingbasicform.hpp">
      <Filter>Header Files</Filter>
    </QtMoc>
    <QtMoc Include="src\ui\host\hostsettingsdialog.hpp">
      <Filter>Header Files</Filter>
    </QtMoc>
    <QtMoc Include="src\ui\host\hostslistdialog.hpp">
      <Filter>Header Files</Filter>
    </QtMoc>
    <QtMoc Include="src\ui\main\dirsandtaskmsgform.hpp">
      <Filter>Header Files</Filter>
    </QtMoc>
    <QtMoc Include="src\ui\main\mainwindow.hpp">
      <Filter>Header Files</Filter>
    </QtMoc>
    <QtMoc Include="src\ui\main\myfilesystemmodel.hpp">
      <Filter>Header Files</Filter>
    </QtMoc>
    <QtMoc Include="src\ui\main\myfilesystemmodellocal.hpp">
      <Filter>Header Files</Filter>
    </QtMoc>
    <QtMoc Include="src\ui\host\hostsettingexpansionform.hpp">
      <Filter>Header Files</Filter>
    </QtMoc>
    <QtMoc Include="src\ui\host\hostsettingcharcodeform.hpp">
      <Filter>Header Files</Filter>
    </QtMoc>
    <QtMoc Include="src\ui\host\hostsettingdialupform.hpp">
      <Filter>Header Files</Filter>
    </QtMoc>
    <QtMoc Include="src\ui\host\hostsettingadvancedform.hpp">
      <Filter>Header Files</Filter>
    </QtMoc>
    <QtMoc Include="src\ui\host\hostsettingencryptform.hpp">
      <Filter>Header Files</Filter>
    </QtMoc>
    <QtMoc Include="src\ui\host\hostsettingspecialform.hpp">
      <Filter>Header Files</Filter>
    </QtMoc>
  </ItemGroup>
</Project>