<?xml version="1.0" encoding="utf-8"?>
<Project ToolsVersion="4.0" xmlns="http://schemas.microsoft.com/developer/msbuild/2003">
  <ItemGroup>
    <Filter Include="Source Files">
      <UniqueIdentifier>{4FC737F1-C7A5-4376-A066-2A32D752A2FF}</UniqueIdentifier>
      <Extensions>cpp;c;cc;cxx;def;odl;idl;hpj;bat;asm;asmx</Extensions>
    </Filter>
    <Filter Include="Header Files">
      <UniqueIdentifier>{93995380-89BD-4b04-88EB-625FBE52EBFB}</UniqueIdentifier>
      <Extensions>h;hh;hpp;hxx;hm;inl;inc;xsd</Extensions>
    </Filter>
    <Filter Include="Resource Files">
      <UniqueIdentifier>{67DA6AB6-F800-4c08-8B7A-83BB121AAD01}</UniqueIdentifier>
      <Extensions>qrc;rc;ico;cur;bmp;dlg;rc2;rct;bin;rgs;gif;jpg;jpeg;jpe;resx;tiff;tif;png;wav;mfcribbon-ms</Extensions>
    </Filter>
    <Filter Include="Form Files">
      <UniqueIdentifier>{99349809-55BA-4b9d-BF79-8FDBB0286EB3}</UniqueIdentifier>
      <Extensions>ui</Extensions>
    </Filter>
    <Filter Include="Translation Files">
      <UniqueIdentifier>{639EADAA-A684-42e4-A9AD-28FC9BCB8F7C}</UniqueIdentifier>
      <Extensions>ts</Extensions>
    </Filter>
    <Filter Include="Form Files\main">
      <UniqueIdentifier>{592b8fb3-66ae-4164-9c7d-2570d757075e}</UniqueIdentifier>
    </Filter>
    <Filter Include="Form Files\host">
      <UniqueIdentifier>{dcdfdc1d-de08-4447-8f7e-ab656bb2fd8a}</UniqueIdentifier>
    </Filter>
    <Filter Include="Header Files\core">
      <UniqueIdentifier>{caf29181-138d-4180-b6e2-11d7415b6369}</UniqueIdentifier>
    </Filter>
    <Filter Include="Header Files\ui">
      <UniqueIdentifier>{37befaf1-a086-47e6-8c83-dd9b2b8c9cfb}</UniqueIdentifier>
    </Filter>
    <Filter Include="Header Files\ui\base">
      <UniqueIdentifier>{b514ceba-14d5-42b5-b956-fea3cb5d12f3}</UniqueIdentifier>
    </Filter>
    <Filter Include="Header Files\ui\host">
      <UniqueIdentifier>{febf0264-25d3-499c-8fe8-3e0064b481eb}</UniqueIdentifier>
    </Filter>
    <Filter Include="Header Files\ui\main">
      <UniqueIdentifier>{b7ba0089-bfc3-48c1-84b3-76e6e4c767ad}</UniqueIdentifier>
    </Filter>
    <Filter Include="Source Files\core">
      <UniqueIdentifier>{377bdf07-b2a6-4d98-b92a-89156df980d5}</UniqueIdentifier>
    </Filter>
    <Filter Include="Source Files\ui">
      <UniqueIdentifier>{46234c64-caea-44c7-8deb-5cd41801fc66}</UniqueIdentifier>
    </Filter>
    <Filter Include="Source Files\ui\base">
      <UniqueIdentifier>{f8f5b3b2-fbee-471d-84f6-2551758a5776}</UniqueIdentifier>
    </Filter>
    <Filter Include="Source Files\ui\host">
      <UniqueIdentifier>{a69da8c0-8a83-4113-8f57-2478fd5d4a90}</UniqueIdentifier>
    </Filter>
    <Filter Include="Source Files\ui\main">
      <UniqueIdentifier>{c1f6f13d-8717-4aa9-8927-28776e5914e3}</UniqueIdentifier>
    </Filter>
  </ItemGroup>
  <ItemGroup>
    <Image Include="resource\a.png">
      <Filter>Resource Files</Filter>
    </Image>
    <Image Include="resource\ab.png">
      <Filter>Resource Files</Filter>
    </Image>
    <Image Include="resource\arrowcircle.png">
      <Filter>Resource Files</Filter>
    </Image>
    <Image Include="resource\arrowdown.png">
      <Filter>Resource Files</Filter>
    </Image>
    <Image Include="resource\arrowup.png">
      <Filter>Resource Files</Filter>
    </Image>
    <Image Include="resource\b.png">
      <Filter>Resource Files</Filter>
    </Image>
    <Image Include="resource\cleanfile16x16.png">
      <Filter>Resource Files</Filter>
    </Image>
    <Image Include="resource\closedfolder16x16.png">
      <Filter>Resource Files</Filter>
    </Image>
    <Image Include="resource\connect.png">
      <Filter>Resource Files</Filter>
    </Image>
    <Image Include="resource\cross.png">
      <Filter>Resource Files</Filter>
    </Image>
    <Image Include="resource\desktop16x16.png">
      <Filter>Resource Files</Filter>
    </Image>
    <Image Include="resource\disconnect.png">
      <Filter>Resource Files</Filter>
    </Image>
    <Image Include="resource\doublearrowup.png">
      <Filter>Resource Files</Filter>
    </Image>
    <Image Include="resource\euc.png">
      <Filter>Resource Files</Filter>
    </Image>
    <Image Include="resource\folderopen.png">
      <Filter>Resource Files</Filter>
    </Image>
    <Image Include="resource\folderup.png">
      <Filter>Resource Files</Filter>
    </Image>
    <Image Include="resource\folderwithlight.png">
      <Filter>Resource Files</Filter>
    </Image>
    <Image Include="resource\jis.png">
      <Filter>Resource Files</Filter>
    </Image>
    <Image Include="resource\kana.png">
      <Filter>Resource Files</Filter>
    </Image>
    <Image Include="resource\mosaic1.png">
      <Filter>Resource Files</Filter>
    </Image>
    <Image Include="resource\mosaic2.png">
      <Filter>Resource Files</Filter>
    </Image>
    <Image Include="resource\mu.png">
      <Filter>Resource Files</Filter>
    </Image>
    <Image Include="resource\quickconnect.png">
      <Filter>Resource Files</Filter>
    </Image>
    <Image Include="resource\roadclosedsign.png">
      <Filter>Resource Files</Filter>
    </Image>
    <Image Include="resource\sjis.png">
      <Filter>Resource Files</Filter>
    </Image>
    <Image Include="resource\tag.png">
      <Filter>Resource Files</Filter>
    </Image>
    <Image Include="resource\tagandtag.png">
      <Filter>Resource Files</Filter>
    </Image>
    <Image Include="resource\u8b.png">
      <Filter>Resource Files</Filter>
    </Image>
    <Image Include="resource\utf8.png">
      <Filter>Resource Files</Filter>
    </Image>
  </ItemGroup>
  <ItemGroup>
    <QtRcc Include="resource\ffftpgui.qrc">
      <Filter>Resource Files</Filter>
    </QtRcc>
  </ItemGroup>
  <ItemGroup>
    <QtTranslation Include="translations\ffftpgui_en.ts">
      <Filter>Translation Files</Filter>
    </QtTranslation>
  </ItemGroup>
  <ItemGroup>
    <QtUic Include="ui\main\dirsandtaskmsgform.ui">
      <Filter>Form Files\main</Filter>
    </QtUic>
    <QtUic Include="ui\main\mainwindow.ui">
      <Filter>Form Files\main</Filter>
    </QtUic>
    <QtUic Include="ui\host\hostsettingadvancedform.ui">
      <Filter>Form Files\host</Filter>
    </QtUic>
    <QtUic Include="ui\host\hostsettingdialupform.ui">
      <Filter>Form Files\host</Filter>
    </QtUic>
    <QtUic Include="ui\host\hostsettingencryptionform.ui">
      <Filter>Form Files\host</Filter>
    </QtUic>
    <QtUic Include="ui\host\hostsettingfeatureform.ui">
      <Filter>Form Files\host</Filter>
    </QtUic>
    <QtUic Include="ui\host\hostsettinggeneralform.ui">
      <Filter>Form Files\host</Filter>
    </QtUic>
    <QtUic Include="ui\host\hostsettingkanjicodeform.ui">
      <Filter>Form Files\host</Filter>
    </QtUic>
    <QtUic Include="ui\host\hostsettingsdialog.ui">
      <Filter>Form Files\host</Filter>
    </QtUic>
    <QtUic Include="ui\host\hostsettingspecialform.ui">
      <Filter>Form Files\host</Filter>
    </QtUic>
    <QtUic Include="ui\host\hostslistdialog.ui">
      <Filter>Form Files\host</Filter>
    </QtUic>
  </ItemGroup>
  <ItemGroup>
    <ClCompile Include="src\main.cpp">
      <Filter>Source Files</Filter>
    </ClCompile>
    <ClCompile Include="src\stdafx.cpp">
      <Filter>Source Files</Filter>
    </ClCompile>
    <ClCompile Include="src\core\ffftpthread.cpp">
      <Filter>Source Files\core</Filter>
    </ClCompile>
    <ClCompile Include="src\ui\base\baseform.cpp">
      <Filter>Source Files\ui\base</Filter>
    </ClCompile>
    <ClCompile Include="src\ui\base\datatransceiver.cpp">
      <Filter>Source Files\ui\base</Filter>
    </ClCompile>
    <ClCompile Include="src\ui\main\mainwindow.cpp">
      <Filter>Source Files\ui\main</Filter>
    </ClCompile>
    <ClCompile Include="src\ui\main\myfilesystemmodel.cpp">
      <Filter>Source Files\ui\main</Filter>
    </ClCompile>
    <ClCompile Include="src\ui\main\myfilesystemmodellocal.cpp">
      <Filter>Source Files\ui\main</Filter>
    </ClCompile>
    <ClCompile Include="src\ui\main\dirsandtaskmsgform.cpp">
      <Filter>Source Files\ui\main</Filter>
    </ClCompile>
    <ClCompile Include="src\ui\host\advanceddatatransceiver.cpp">
      <Filter>Source Files\ui\host</Filter>
    </ClCompile>
    <ClCompile Include="src\ui\host\dialupdatatransceiver.cpp">
      <Filter>Source Files\ui\host</Filter>
    </ClCompile>
    <ClCompile Include="src\ui\host\encryptiondatatransceiver.cpp">
      <Filter>Source Files\ui\host</Filter>
    </ClCompile>
    <ClCompile Include="src\ui\host\featuredatatransceiver.cpp">
      <Filter>Source Files\ui\host</Filter>
    </ClCompile>
    <ClCompile Include="src\ui\host\generaldatatransceiver.cpp">
      <Filter>Source Files\ui\host</Filter>
    </ClCompile>
    <ClCompile Include="src\ui\host\hostsettingadvancedform.cpp">
      <Filter>Source Files\ui\host</Filter>
    </ClCompile>
    <ClCompile Include="src\ui\host\hostsettingdialupform.cpp">
      <Filter>Source Files\ui\host</Filter>
    </ClCompile>
    <ClCompile Include="src\ui\host\hostsettingencryptionform.cpp">
      <Filter>Source Files\ui\host</Filter>
    </ClCompile>
    <ClCompile Include="src\ui\host\hostsettingfeatureform.cpp">
      <Filter>Source Files\ui\host</Filter>
    </ClCompile>
    <ClCompile Include="src\ui\host\hostsettinggeneralform.cpp">
      <Filter>Source Files\ui\host</Filter>
    </ClCompile>
    <ClCompile Include="src\ui\host\hostsettingkanjicodeform.cpp">
      <Filter>Source Files\ui\host</Filter>
    </ClCompile>
    <ClCompile Include="src\ui\host\hostsettingsdialog.cpp">
      <Filter>Source Files\ui\host</Filter>
    </ClCompile>
    <ClCompile Include="src\ui\host\hostsettingspecialform.cpp">
      <Filter>Source Files\ui\host</Filter>
    </ClCompile>
    <ClCompile Include="src\ui\host\hostslistdialog.cpp">
      <Filter>Source Files\ui\host</Filter>
    </ClCompile>
    <ClCompile Include="src\ui\host\kanjicodedatatransceiver.cpp">
      <Filter>Source Files\ui\host</Filter>
    </ClCompile>
    <ClCompile Include="src\ui\host\specialdatatransceiver.cpp">
      <Filter>Source Files\ui\host</Filter>
    </ClCompile>
  </ItemGroup>
  <ItemGroup>
    <ClInclude Include="src\stdafx.h">
      <Filter>Header Files</Filter>
    </ClInclude>
    <ClInclude Include="src\ui\base\datatransceiver.hpp">
      <Filter>Header Files\ui\base</Filter>
    </ClInclude>
    <ClInclude Include="src\ui\base\formdatatransceiver.hpp">
      <Filter>Header Files\ui\base</Filter>
    </ClInclude>
    <ClInclude Include="src\ui\uicommon.h">
      <Filter>Header Files\ui</Filter>
    </ClInclude>
    <ClInclude Include="src\ui\host\advanceddatatransceiver.hpp">
      <Filter>Header Files\ui\host</Filter>
    </ClInclude>
    <ClInclude Include="src\ui\host\dialupdatatransceiver.hpp">
      <Filter>Header Files\ui\host</Filter>
    </ClInclude>
    <ClInclude Include="src\ui\host\encryptiondatatransceiver.hpp">
      <Filter>Header Files\ui\host</Filter>
    </ClInclude>
    <ClInclude Include="src\ui\host\featuredatatransceiver.hpp">
      <Filter>Header Files\ui\host</Filter>
    </ClInclude>
    <ClInclude Include="src\ui\host\generaldatatransceiver.hpp">
      <Filter>Header Files\ui\host</Filter>
    </ClInclude>
    <ClInclude Include="src\ui\host\kanjicodedatatransceiver.hpp">
      <Filter>Header Files\ui\host</Filter>
    </ClInclude>
    <ClInclude Include="src\ui\host\specialdatatransceiver.hpp">
      <Filter>Header Files\ui\host</Filter>
    </ClInclude>
  </ItemGroup>
  <ItemGroup>
    <QtMoc Include="src\core\ffftpthread.hpp">
      <Filter>Header Files\core</Filter>
    </QtMoc>
    <QtMoc Include="src\ui\main\dirsandtaskmsgform.hpp">
      <Filter>Header Files\ui\main</Filter>
    </QtMoc>
    <QtMoc Include="src\ui\main\mainwindow.hpp">
      <Filter>Header Files\ui\main</Filter>
    </QtMoc>
    <QtMoc Include="src\ui\main\myfilesystemmodel.hpp">
      <Filter>Header Files\ui\main</Filter>
    </QtMoc>
    <QtMoc Include="src\ui\main\myfilesystemmodellocal.hpp">
      <Filter>Header Files\ui\main</Filter>
    </QtMoc>
    <QtMoc Include="src\ui\base\baseform.hpp">
      <Filter>Header Files\ui\base</Filter>
    </QtMoc>
    <QtMoc Include="src\ui\host\hostsettingadvancedform.hpp">
      <Filter>Header Files\ui\host</Filter>
    </QtMoc>
    <QtMoc Include="src\ui\host\hostsettingdialupform.hpp">
      <Filter>Header Files\ui\host</Filter>
    </QtMoc>
    <QtMoc Include="src\ui\host\hostsettingencryptionform.hpp">
      <Filter>Header Files\ui\host</Filter>
    </QtMoc>
    <QtMoc Include="src\ui\host\hostsettingfeatureform.hpp">
      <Filter>Header Files\ui\host</Filter>
    </QtMoc>
    <QtMoc Include="src\ui\host\hostsettinggeneralform.hpp">
      <Filter>Header Files\ui\host</Filter>
    </QtMoc>
    <QtMoc Include="src\ui\host\hostsettingkanjicodeform.hpp">
      <Filter>Header Files\ui\host</Filter>
    </QtMoc>
    <QtMoc Include="src\ui\host\hostsettingsdialog.hpp">
      <Filter>Header Files\ui\host</Filter>
    </QtMoc>
    <QtMoc Include="src\ui\host\hostsettingspecialform.hpp">
      <Filter>Header Files\ui\host</Filter>
    </QtMoc>
    <QtMoc Include="src\ui\host\hostslistdialog.hpp">
      <Filter>Header Files\ui\host</Filter>
    </QtMoc>
  </ItemGroup>
</Project>